
Microsoft Visual Studio Solution File, Format Version 12.00
# Visual Studio Version 16
VisualStudioVersion = 16.0.30114.105
MinimumVisualStudioVersion = 10.0.40219.1
Project("{FAE04EC0-301F-11D3-BF4B-00C04F79EFBC}") = "ProEventos.Application", "ProEventos.Application\ProEventos.Application.csproj", "{9152606D-C3FC-48B7-BEE3-234F3922B507}"
EndProject
Project("{FAE04EC0-301F-11D3-BF4B-00C04F79EFBC}") = "ProEventos.Domain", "ProEventos.Domain\ProEventos.Domain.csproj", "{E2F6AA33-1198-4AEC-9C6B-8D6A5FF1B245}"
EndProject
Project("{FAE04EC0-301F-11D3-BF4B-00C04F79EFBC}") = "ProEventos.API", "ProEventos.API\ProEventos.API.csproj", "{B661FABE-C92E-4BB8-96E2-AE9E813E3DBA}"
EndProject
Project("{FAE04EC0-301F-11D3-BF4B-00C04F79EFBC}") = "ProEventos.Persistence", "ProEventos.Persistence\ProEventos.Persistence.csproj", "{08EBEFC4-BAA4-46DC-B978-1D77E6D5C6B9}"
EndProject
Global
	GlobalSection(SolutionConfigurationPlatforms) = preSolution
		Debug|Any CPU = Debug|Any CPU
		Debug|x64 = Debug|x64
		Debug|x86 = Debug|x86
		Release|Any CPU = Release|Any CPU
		Release|x64 = Release|x64
		Release|x86 = Release|x86
	EndGlobalSection
	GlobalSection(SolutionProperties) = preSolution
		HideSolutionNode = FALSE
	EndGlobalSection
	GlobalSection(ProjectConfigurationPlatforms) = postSolution
		{9152606D-C3FC-48B7-BEE3-234F3922B507}.Debug|Any CPU.ActiveCfg = Debug|Any CPU
		{9152606D-C3FC-48B7-BEE3-234F3922B507}.Debug|Any CPU.Build.0 = Debug|Any CPU
		{9152606D-C3FC-48B7-BEE3-234F3922B507}.Debug|x64.ActiveCfg = Debug|Any CPU
		{9152606D-C3FC-48B7-BEE3-234F3922B507}.Debug|x64.Build.0 = Debug|Any CPU
		{9152606D-C3FC-48B7-BEE3-234F3922B507}.Debug|x86.ActiveCfg = Debug|Any CPU
		{9152606D-C3FC-48B7-BEE3-234F3922B507}.Debug|x86.Build.0 = Debug|Any CPU
		{9152606D-C3FC-48B7-BEE3-234F3922B507}.Release|Any CPU.ActiveCfg = Release|Any CPU
		{9152606D-C3FC-48B7-BEE3-234F3922B507}.Release|Any CPU.Build.0 = Release|Any CPU
		{9152606D-C3FC-48B7-BEE3-234F3922B507}.Release|x64.ActiveCfg = Release|Any CPU
		{9152606D-C3FC-48B7-BEE3-234F3922B507}.Release|x64.Build.0 = Release|Any CPU
		{9152606D-C3FC-48B7-BEE3-234F3922B507}.Release|x86.ActiveCfg = Release|Any CPU
		{9152606D-C3FC-48B7-BEE3-234F3922B507}.Release|x86.Build.0 = Release|Any CPU
		{E2F6AA33-1198-4AEC-9C6B-8D6A5FF1B245}.Debug|Any CPU.ActiveCfg = Debug|Any CPU
		{E2F6AA33-1198-4AEC-9C6B-8D6A5FF1B245}.Debug|Any CPU.Build.0 = Debug|Any CPU
		{E2F6AA33-1198-4AEC-9C6B-8D6A5FF1B245}.Debug|x64.ActiveCfg = Debug|Any CPU
		{E2F6AA33-1198-4AEC-9C6B-8D6A5FF1B245}.Debug|x64.Build.0 = Debug|Any CPU
		{E2F6AA33-1198-4AEC-9C6B-8D6A5FF1B245}.Debug|x86.ActiveCfg = Debug|Any CPU
		{E2F6AA33-1198-4AEC-9C6B-8D6A5FF1B245}.Debug|x86.Build.0 = Debug|Any CPU
		{E2F6AA33-1198-4AEC-9C6B-8D6A5FF1B245}.Release|Any CPU.ActiveCfg = Release|Any CPU
		{E2F6AA33-1198-4AEC-9C6B-8D6A5FF1B245}.Release|Any CPU.Build.0 = Release|Any CPU
		{E2F6AA33-1198-4AEC-9C6B-8D6A5FF1B245}.Release|x64.ActiveCfg = Release|Any CPU
		{E2F6AA33-1198-4AEC-9C6B-8D6A5FF1B245}.Release|x64.Build.0 = Release|Any CPU
		{E2F6AA33-1198-4AEC-9C6B-8D6A5FF1B245}.Release|x86.ActiveCfg = Release|Any CPU
		{E2F6AA33-1198-4AEC-9C6B-8D6A5FF1B245}.Release|x86.Build.0 = Release|Any CPU
		{B661FABE-C92E-4BB8-96E2-AE9E813E3DBA}.Debug|Any CPU.ActiveCfg = Debug|Any CPU
		{B661FABE-C92E-4BB8-96E2-AE9E813E3DBA}.Debug|Any CPU.Build.0 = Debug|Any CPU
		{B661FABE-C92E-4BB8-96E2-AE9E813E3DBA}.Debug|x64.ActiveCfg = Debug|Any CPU
		{B661FABE-C92E-4BB8-96E2-AE9E813E3DBA}.Debug|x64.Build.0 = Debug|Any CPU
		{B661FABE-C92E-4BB8-96E2-AE9E813E3DBA}.Debug|x86.ActiveCfg = Debug|Any CPU
		{B661FABE-C92E-4BB8-96E2-AE9E813E3DBA}.Debug|x86.Build.0 = Debug|Any CPU
		{B661FABE-C92E-4BB8-96E2-AE9E813E3DBA}.Release|Any CPU.ActiveCfg = Release|Any CPU
		{B661FABE-C92E-4BB8-96E2-AE9E813E3DBA}.Release|Any CPU.Build.0 = Release|Any CPU
		{B661FABE-C92E-4BB8-96E2-AE9E813E3DBA}.Release|x64.ActiveCfg = Release|Any CPU
		{B661FABE-C92E-4BB8-96E2-AE9E813E3DBA}.Release|x64.Build.0 = Release|Any CPU
		{B661FABE-C92E-4BB8-96E2-AE9E813E3DBA}.Release|x86.ActiveCfg = Release|Any CPU
		{B661FABE-C92E-4BB8-96E2-AE9E813E3DBA}.Release|x86.Build.0 = Release|Any CPU
		{08EBEFC4-BAA4-46DC-B978-1D77E6D5C6B9}.Debug|Any CPU.ActiveCfg = Debug|Any CPU
		{08EBEFC4-BAA4-46DC-B978-1D77E6D5C6B9}.Debug|Any CPU.Build.0 = Debug|Any CPU
		{08EBEFC4-BAA4-46DC-B978-1D77E6D5C6B9}.Debug|x64.ActiveCfg = Debug|Any CPU
		{08EBEFC4-BAA4-46DC-B978-1D77E6D5C6B9}.Debug|x64.Build.0 = Debug|Any CPU
		{08EBEFC4-BAA4-46DC-B978-1D77E6D5C6B9}.Debug|x86.ActiveCfg = Debug|Any CPU
		{08EBEFC4-BAA4-46DC-B978-1D77E6D5C6B9}.Debug|x86.Build.0 = Debug|Any CPU
		{08EBEFC4-BAA4-46DC-B978-1D77E6D5C6B9}.Release|Any CPU.ActiveCfg = Release|Any CPU
		{08EBEFC4-BAA4-46DC-B978-1D77E6D5C6B9}.Release|Any CPU.Build.0 = Release|Any CPU
		{08EBEFC4-BAA4-46DC-B978-1D77E6D5C6B9}.Release|x64.ActiveCfg = Release|Any CPU
		{08EBEFC4-BAA4-46DC-B978-1D77E6D5C6B9}.Release|x64.Build.0 = Release|Any CPU
		{08EBEFC4-BAA4-46DC-B978-1D77E6D5C6B9}.Release|x86.ActiveCfg = Release|Any CPU
		{08EBEFC4-BAA4-46DC-B978-1D77E6D5C6B9}.Release|x86.Build.0 = Release|Any CPU
	EndGlobalSection
EndGlobal
